// !$*UTF8*$!
{
	archiveVersion = 1;
	classes = {
	};
	objectVersion = 48;
	objects = {

/* Begin PBXBuildFile section */
		180630491FB06F6C009A27C4 /* AppDelegate.m in Sources */ = {isa = PBXBuildFile; fileRef = 180630481FB06F6C009A27C4 /* AppDelegate.m */; };
		1806304F1FB06F6C009A27C4 /* Main.storyboard in Resources */ = {isa = PBXBuildFile; fileRef = 1806304D1FB06F6C009A27C4 /* Main.storyboard */; };
		180630511FB06F6C009A27C4 /* Assets.xcassets in Resources */ = {isa = PBXBuildFile; fileRef = 180630501FB06F6C009A27C4 /* Assets.xcassets */; };
		180630541FB06F6C009A27C4 /* LaunchScreen.storyboard in Resources */ = {isa = PBXBuildFile; fileRef = 180630521FB06F6C009A27C4 /* LaunchScreen.storyboard */; };
		180630571FB06F6C009A27C4 /* main.m in Sources */ = {isa = PBXBuildFile; fileRef = 180630561FB06F6C009A27C4 /* main.m */; };
		180630611FB06F6C009A27C4 /* projectTests.m in Sources */ = {isa = PBXBuildFile; fileRef = 180630601FB06F6C009A27C4 /* projectTests.m */; };
		1806306C1FB06F6C009A27C4 /* projectUITests.m in Sources */ = {isa = PBXBuildFile; fileRef = 1806306B1FB06F6C009A27C4 /* projectUITests.m */; };
		180D79DE1FC757B300CDFF3D /* information.m in Sources */ = {isa = PBXBuildFile; fileRef = 180D79DD1FC757B300CDFF3D /* information.m */; };
		186B874C1FD32D04003C2C0B /* EenterViewController.m in Sources */ = {isa = PBXBuildFile; fileRef = 186B874B1FD32D04003C2C0B /* EenterViewController.m */; };
		186B879E1FD34945003C2C0B /* GameruleRootViewController.m in Sources */ = {isa = PBXBuildFile; fileRef = 186B879D1FD34945003C2C0B /* GameruleRootViewController.m */; };
		186B87A11FD34975003C2C0B /* GamerulePageContentViewController.m in Sources */ = {isa = PBXBuildFile; fileRef = 186B87A01FD34975003C2C0B /* GamerulePageContentViewController.m */; };
		1888B31E1FD35E30000195C2 /* play100.png in Resources */ = {isa = PBXBuildFile; fileRef = 1888B31B1FD35E1C000195C2 /* play100.png */; };
		1888B31F1FD35E30000195C2 /* help50.png in Resources */ = {isa = PBXBuildFile; fileRef = 1888B31C1FD35E1C000195C2 /* help50.png */; };
		1888B3201FD35E30000195C2 /* bestscore32.png in Resources */ = {isa = PBXBuildFile; fileRef = 1888B31D1FD35E1C000195C2 /* bestscore32.png */; };
		1888B3261FD365BC000195C2 /* skip.png in Resources */ = {isa = PBXBuildFile; fileRef = 1888B3251FD364D6000195C2 /* skip.png */; };
		18BC8DF91FD1CD63001983B3 /* IMG_2938.jpg in Resources */ = {isa = PBXBuildFile; fileRef = 18BC8DF81FD1CCF3001983B3 /* IMG_2938.jpg */; };
		18BC8E4C1FD20517001983B3 /* AVFoundation.framework in Frameworks */ = {isa = PBXBuildFile; fileRef = 18BC8E4B1FD20517001983B3 /* AVFoundation.framework */; };
		18BC8E571FD21A94001983B3 /* rightanswer.wav in Resources */ = {isa = PBXBuildFile; fileRef = 18BC8E531FD2173F001983B3 /* rightanswer.wav */; };
		18BC8E581FD21A94001983B3 /* wronganser.wav in Resources */ = {isa = PBXBuildFile; fileRef = 18BC8E541FD2173F001983B3 /* wronganser.wav */; };
		18BC8E591FD21A94001983B3 /* 2.wav in Resources */ = {isa = PBXBuildFile; fileRef = 18BC8E551FD2173F001983B3 /* 2.wav */; };
		18BC8E5A1FD21A94001983B3 /* rightanswer1.wav in Resources */ = {isa = PBXBuildFile; fileRef = 18BC8E561FD2173F001983B3 /* rightanswer1.wav */; };
		18C94B7C1FD5937300B80640 /* background2.jpg in Resources */ = {isa = PBXBuildFile; fileRef = 18C94B7B1FD5931C00B80640 /* background2.jpg */; };
		18C94B7F1FD59D5E00B80640 /* title.png in Resources */ = {isa = PBXBuildFile; fileRef = 18C94B7E1FD59D1100B80640 /* title.png */; };
		18C94B821FD59F9400B80640 /* Rule2.png in Resources */ = {isa = PBXBuildFile; fileRef = 18C94B811FD59F8100B80640 /* Rule2.png */; };
		18C94B831FD59F9400B80640 /* Rule3.png in Resources */ = {isa = PBXBuildFile; fileRef = 18C94B801FD59F1000B80640 /* Rule3.png */; };
		18C94B851FD5A09C00B80640 /* Rule1.png in Resources */ = {isa = PBXBuildFile; fileRef = 18C94B841FD5A08700B80640 /* Rule1.png */; };
		18C94B8E1FD5A69800B80640 /* easybutton.png in Resources */ = {isa = PBXBuildFile; fileRef = 18C94B8C1FD5A65B00B80640 /* easybutton.png */; };
		18C94B8F1FD5A69800B80640 /* hardbutton.png in Resources */ = {isa = PBXBuildFile; fileRef = 18C94B8D1FD5A68B00B80640 /* hardbutton.png */; };
		18C94B941FD5A93D00B80640 /* rememberbutton.png in Resources */ = {isa = PBXBuildFile; fileRef = 18C94B901FD5A7F200B80640 /* rememberbutton.png */; };
		18C94B951FD5A93D00B80640 /* answerbutton.png in Resources */ = {isa = PBXBuildFile; fileRef = 18C94B931FD5A83700B80640 /* answerbutton.png */; };
		18E004961FCDABC8005CC3EC /* game1ViewController.m in Sources */ = {isa = PBXBuildFile; fileRef = 18E004951FCDABC8005CC3EC /* game1ViewController.m */; };
		18E004991FCDABD7005CC3EC /* game2ViewController.m in Sources */ = {isa = PBXBuildFile; fileRef = 18E004981FCDABD7005CC3EC /* game2ViewController.m */; };
/* End PBXBuildFile section */

/* Begin PBXContainerItemProxy section */
		1806305D1FB06F6C009A27C4 /* PBXContainerItemProxy */ = {
			isa = PBXContainerItemProxy;
			containerPortal = 1806303C1FB06F6C009A27C4 /* Project object */;
			proxyType = 1;
			remoteGlobalIDString = 180630431FB06F6C009A27C4;
			remoteInfo = project;
		};
		180630681FB06F6C009A27C4 /* PBXContainerItemProxy */ = {
			isa = PBXContainerItemProxy;
			containerPortal = 1806303C1FB06F6C009A27C4 /* Project object */;
			proxyType = 1;
			remoteGlobalIDString = 180630431FB06F6C009A27C4;
			remoteInfo = project;
		};
/* End PBXContainerItemProxy section */

/* Begin PBXFileReference section */
		180630441FB06F6C009A27C4 /* project.app */ = {isa = PBXFileReference; explicitFileType = wrapper.application; includeInIndex = 0; path = project.app; sourceTree = BUILT_PRODUCTS_DIR; };
		180630471FB06F6C009A27C4 /* AppDelegate.h */ = {isa = PBXFileReference; lastKnownFileType = sourcecode.c.h; path = AppDelegate.h; sourceTree = "<group>"; };
		180630481FB06F6C009A27C4 /* AppDelegate.m */ = {isa = PBXFileReference; lastKnownFileType = sourcecode.c.objc; path = AppDelegate.m; sourceTree = "<group>"; };
		1806304E1FB06F6C009A27C4 /* Base */ = {isa = PBXFileReference; lastKnownFileType = file.storyboard; name = Base; path = Base.lproj/Main.storyboard; sourceTree = "<group>"; };
		180630501FB06F6C009A27C4 /* Assets.xcassets */ = {isa = PBXFileReference; lastKnownFileType = folder.assetcatalog; path = Assets.xcassets; sourceTree = "<group>"; };
		180630531FB06F6C009A27C4 /* Base */ = {isa = PBXFileReference; lastKnownFileType = file.storyboard; name = Base; path = Base.lproj/LaunchScreen.storyboard; sourceTree = "<group>"; };
		180630551FB06F6C009A27C4 /* Info.plist */ = {isa = PBXFileReference; lastKnownFileType = text.plist.xml; path = Info.plist; sourceTree = "<group>"; };
		180630561FB06F6C009A27C4 /* main.m */ = {isa = PBXFileReference; lastKnownFileType = sourcecode.c.objc; path = main.m; sourceTree = "<group>"; };
		1806305C1FB06F6C009A27C4 /* projectTests.xctest */ = {isa = PBXFileReference; explicitFileType = wrapper.cfbundle; includeInIndex = 0; path = projectTests.xctest; sourceTree = BUILT_PRODUCTS_DIR; };
		180630601FB06F6C009A27C4 /* projectTests.m */ = {isa = PBXFileReference; lastKnownFileType = sourcecode.c.objc; path = projectTests.m; sourceTree = "<group>"; };
		180630621FB06F6C009A27C4 /* Info.plist */ = {isa = PBXFileReference; lastKnownFileType = text.plist.xml; path = Info.plist; sourceTree = "<group>"; };
		180630671FB06F6C009A27C4 /* projectUITests.xctest */ = {isa = PBXFileReference; explicitFileType = wrapper.cfbundle; includeInIndex = 0; path = projectUITests.xctest; sourceTree = BUILT_PRODUCTS_DIR; };
		1806306B1FB06F6C009A27C4 /* projectUITests.m */ = {isa = PBXFileReference; lastKnownFileType = sourcecode.c.objc; path = projectUITests.m; sourceTree = "<group>"; };
		1806306D1FB06F6C009A27C4 /* Info.plist */ = {isa = PBXFileReference; lastKnownFileType = text.plist.xml; path = Info.plist; sourceTree = "<group>"; };
		180D79DC1FC757B300CDFF3D /* information.h */ = {isa = PBXFileReference; lastKnownFileType = sourcecode.c.h; path = information.h; sourceTree = "<group>"; };
		180D79DD1FC757B300CDFF3D /* information.m */ = {isa = PBXFileReference; lastKnownFileType = sourcecode.c.objc; path = information.m; sourceTree = "<group>"; };
		186B874A1FD32D04003C2C0B /* EenterViewController.h */ = {isa = PBXFileReference; lastKnownFileType = sourcecode.c.h; path = EenterViewController.h; sourceTree = "<group>"; };
		186B874B1FD32D04003C2C0B /* EenterViewController.m */ = {isa = PBXFileReference; lastKnownFileType = sourcecode.c.objc; path = EenterViewController.m; sourceTree = "<group>"; };
		186B879C1FD34945003C2C0B /* GameruleRootViewController.h */ = {isa = PBXFileReference; lastKnownFileType = sourcecode.c.h; path = GameruleRootViewController.h; sourceTree = "<group>"; };
		186B879D1FD34945003C2C0B /* GameruleRootViewController.m */ = {isa = PBXFileReference; lastKnownFileType = sourcecode.c.objc; path = GameruleRootViewController.m; sourceTree = "<group>"; };
		186B879F1FD34975003C2C0B /* GamerulePageContentViewController.h */ = {isa = PBXFileReference; lastKnownFileType = sourcecode.c.h; path = GamerulePageContentViewController.h; sourceTree = "<group>"; };
		186B87A01FD34975003C2C0B /* GamerulePageContentViewController.m */ = {isa = PBXFileReference; lastKnownFileType = sourcecode.c.objc; path = GamerulePageContentViewController.m; sourceTree = "<group>"; };
		1888B31B1FD35E1C000195C2 /* play100.png */ = {isa = PBXFileReference; lastKnownFileType = image.png; path = play100.png; sourceTree = "<group>"; };
		1888B31C1FD35E1C000195C2 /* help50.png */ = {isa = PBXFileReference; lastKnownFileType = image.png; path = help50.png; sourceTree = "<group>"; };
		1888B31D1FD35E1C000195C2 /* bestscore32.png */ = {isa = PBXFileReference; lastKnownFileType = image.png; path = bestscore32.png; sourceTree = "<group>"; };
		1888B3241FD364CA000195C2 /* skip.png */ = {isa = PBXFileReference; lastKnownFileType = image.png; path = skip.png; sourceTree = "<group>"; };
		1888B3251FD364D6000195C2 /* skip.png */ = {isa = PBXFileReference; lastKnownFileType = image.png; name = skip.png; path = project/skip.png; sourceTree = SOURCE_ROOT; };
		18BC8DF71FD1C29C001983B3 /* icon */ = {isa = PBXFileReference; lastKnownFileType = folder; path = icon; sourceTree = "<group>"; };
		18BC8DF81FD1CCF3001983B3 /* IMG_2938.jpg */ = {isa = PBXFileReference; lastKnownFileType = image.jpeg; path = IMG_2938.jpg; sourceTree = "<group>"; };
		18BC8E4B1FD20517001983B3 /* AVFoundation.framework */ = {isa = PBXFileReference; lastKnownFileType = wrapper.framework; name = AVFoundation.framework; path = System/Library/Frameworks/AVFoundation.framework; sourceTree = SDKROOT; };
		18BC8E531FD2173F001983B3 /* rightanswer.wav */ = {isa = PBXFileReference; lastKnownFileType = audio.wav; path = rightanswer.wav; sourceTree = "<group>"; };
		18BC8E541FD2173F001983B3 /* wronganser.wav */ = {isa = PBXFileReference; lastKnownFileType = audio.wav; path = wronganser.wav; sourceTree = "<group>"; };
		18BC8E551FD2173F001983B3 /* 2.wav */ = {isa = PBXFileReference; lastKnownFileType = audio.wav; path = 2.wav; sourceTree = "<group>"; };
		18BC8E561FD2173F001983B3 /* rightanswer1.wav */ = {isa = PBXFileReference; lastKnownFileType = audio.wav; path = rightanswer1.wav; sourceTree = "<group>"; };
		18C94B7B1FD5931C00B80640 /* background2.jpg */ = {isa = PBXFileReference; lastKnownFileType = image.jpeg; path = background2.jpg; sourceTree = "<group>"; };
		18C94B7E1FD59D1100B80640 /* title.png */ = {isa = PBXFileReference; lastKnownFileType = image.png; path = title.png; sourceTree = "<group>"; };
		18C94B801FD59F1000B80640 /* Rule3.png */ = {isa = PBXFileReference; lastKnownFileType = image.png; path = Rule3.png; sourceTree = "<group>"; };
		18C94B811FD59F8100B80640 /* Rule2.png */ = {isa = PBXFileReference; lastKnownFileType = image.png; path = Rule2.png; sourceTree = "<group>"; };
		18C94B841FD5A08700B80640 /* Rule1.png */ = {isa = PBXFileReference; lastKnownFileType = image.png; path = Rule1.png; sourceTree = "<group>"; };
		18C94B8C1FD5A65B00B80640 /* easybutton.png */ = {isa = PBXFileReference; lastKnownFileType = image.png; path = easybutton.png; sourceTree = "<group>"; };
		18C94B8D1FD5A68B00B80640 /* hardbutton.png */ = {isa = PBXFileReference; lastKnownFileType = image.png; path = hardbutton.png; sourceTree = "<group>"; };
		18C94B901FD5A7F200B80640 /* rememberbutton.png */ = {isa = PBXFileReference; lastKnownFileType = image.png; path = rememberbutton.png; sourceTree = "<group>"; };
		18C94B931FD5A83700B80640 /* answerbutton.png */ = {isa = PBXFileReference; lastKnownFileType = image.png; path = answerbutton.png; sourceTree = "<group>"; };
		18E004941FCDABC8005CC3EC /* game1ViewController.h */ = {isa = PBXFileReference; lastKnownFileType = sourcecode.c.h; path = game1ViewController.h; sourceTree = "<group>"; };
		18E004951FCDABC8005CC3EC /* game1ViewController.m */ = {isa = PBXFileReference; lastKnownFileType = sourcecode.c.objc; path = game1ViewController.m; sourceTree = "<group>"; };
		18E004971FCDABD7005CC3EC /* game2ViewController.h */ = {isa = PBXFileReference; lastKnownFileType = sourcecode.c.h; path = game2ViewController.h; sourceTree = "<group>"; };
		18E004981FCDABD7005CC3EC /* game2ViewController.m */ = {isa = PBXFileReference; lastKnownFileType = sourcecode.c.objc; path = game2ViewController.m; sourceTree = "<group>"; };
/* End PBXFileReference section */

/* Begin PBXFrameworksBuildPhase section */
		180630411FB06F6C009A27C4 /* Frameworks */ = {
			isa = PBXFrameworksBuildPhase;
			buildActionMask = 2147483647;
			files = (
				18BC8E4C1FD20517001983B3 /* AVFoundation.framework in Frameworks */,
			);
			runOnlyForDeploymentPostprocessing = 0;
		};
		180630591FB06F6C009A27C4 /* Frameworks */ = {
			isa = PBXFrameworksBuildPhase;
			buildActionMask = 2147483647;
			files = (
			);
			runOnlyForDeploymentPostprocessing = 0;
		};
		180630641FB06F6C009A27C4 /* Frameworks */ = {
			isa = PBXFrameworksBuildPhase;
			buildActionMask = 2147483647;
			files = (
			);
			runOnlyForDeploymentPostprocessing = 0;
		};
/* End PBXFrameworksBuildPhase section */

/* Begin PBXGroup section */
		1806303B1FB06F6C009A27C4 = {
			isa = PBXGroup;
			children = (
				180630461FB06F6C009A27C4 /* project */,
				1806305F1FB06F6C009A27C4 /* projectTests */,
				1806306A1FB06F6C009A27C4 /* projectUITests */,
				180630451FB06F6C009A27C4 /* Products */,
				18BC8E4A1FD20516001983B3 /* Frameworks */,
			);
			sourceTree = "<group>";
		};
		180630451FB06F6C009A27C4 /* Products */ = {
			isa = PBXGroup;
			children = (
				180630441FB06F6C009A27C4 /* project.app */,
				1806305C1FB06F6C009A27C4 /* projectTests.xctest */,
				180630671FB06F6C009A27C4 /* projectUITests.xctest */,
			);
			name = Products;
			sourceTree = "<group>";
		};
		180630461FB06F6C009A27C4 /* project */ = {
			isa = PBXGroup;
			children = (
				1806304D1FB06F6C009A27C4 /* Main.storyboard */,
				186B879F1FD34975003C2C0B /* GamerulePageContentViewController.h */,
				186B87A01FD34975003C2C0B /* GamerulePageContentViewController.m */,
				186B879C1FD34945003C2C0B /* GameruleRootViewController.h */,
				186B879D1FD34945003C2C0B /* GameruleRootViewController.m */,
				186B874A1FD32D04003C2C0B /* EenterViewController.h */,
				186B874B1FD32D04003C2C0B /* EenterViewController.m */,
				18E004941FCDABC8005CC3EC /* game1ViewController.h */,
				18E004951FCDABC8005CC3EC /* game1ViewController.m */,
				18E004971FCDABD7005CC3EC /* game2ViewController.h */,
				18E004981FCDABD7005CC3EC /* game2ViewController.m */,
				180D79DC1FC757B300CDFF3D /* information.h */,
				180D79DD1FC757B300CDFF3D /* information.m */,
				180630471FB06F6C009A27C4 /* AppDelegate.h */,
				180630481FB06F6C009A27C4 /* AppDelegate.m */,
				18C94B7E1FD59D1100B80640 /* title.png */,
				18C94B7B1FD5931C00B80640 /* background2.jpg */,
				1888B3241FD364CA000195C2 /* skip.png */,
				18C94B841FD5A08700B80640 /* Rule1.png */,
				18C94B811FD59F8100B80640 /* Rule2.png */,
				18C94B801FD59F1000B80640 /* Rule3.png */,
				18C94B901FD5A7F200B80640 /* rememberbutton.png */,
				18C94B8C1FD5A65B00B80640 /* easybutton.png */,
				18C94B8D1FD5A68B00B80640 /* hardbutton.png */,
				18C94B931FD5A83700B80640 /* answerbutton.png */,
				1888B31A1FD35E1C000195C2 /* samples */,
				18BC8E521FD2173F001983B3 /* audiosample */,
				180630501FB06F6C009A27C4 /* Assets.xcassets */,
				18BC8DF71FD1C29C001983B3 /* icon */,
				180630521FB06F6C009A27C4 /* LaunchScreen.storyboard */,
				18BC8DF81FD1CCF3001983B3 /* IMG_2938.jpg */,
				180630551FB06F6C009A27C4 /* Info.plist */,
				180630561FB06F6C009A27C4 /* main.m */,
			);
			path = project;
			sourceTree = "<group>";
		};
		1806305F1FB06F6C009A27C4 /* projectTests */ = {
			isa = PBXGroup;
			children = (
				180630601FB06F6C009A27C4 /* projectTests.m */,
				180630621FB06F6C009A27C4 /* Info.plist */,
			);
			path = projectTests;
			sourceTree = "<group>";
		};
		1806306A1FB06F6C009A27C4 /* projectUITests */ = {
			isa = PBXGroup;
			children = (
				1806306B1FB06F6C009A27C4 /* projectUITests.m */,
				1806306D1FB06F6C009A27C4 /* Info.plist */,
			);
			path = projectUITests;
			sourceTree = "<group>";
		};
		1888B31A1FD35E1C000195C2 /* samples */ = {
			isa = PBXGroup;
			children = (
				1888B3251FD364D6000195C2 /* skip.png */,
				1888B31B1FD35E1C000195C2 /* play100.png */,
				1888B31C1FD35E1C000195C2 /* help50.png */,
				1888B31D1FD35E1C000195C2 /* bestscore32.png */,
			);
			name = samples;
			path = ../../samples;
			sourceTree = "<group>";
		};
		18BC8E4A1FD20516001983B3 /* Frameworks */ = {
			isa = PBXGroup;
			children = (
				18BC8E4B1FD20517001983B3 /* AVFoundation.framework */,
			);
			name = Frameworks;
			sourceTree = "<group>";
		};
		18BC8E521FD2173F001983B3 /* audiosample */ = {
			isa = PBXGroup;
			children = (
				18BC8E531FD2173F001983B3 /* rightanswer.wav */,
				18BC8E541FD2173F001983B3 /* wronganser.wav */,
				18BC8E551FD2173F001983B3 /* 2.wav */,
				18BC8E561FD2173F001983B3 /* rightanswer1.wav */,
			);
			path = audiosample;
			sourceTree = "<group>";
		};
/* End PBXGroup section */

/* Begin PBXNativeTarget section */
		180630431FB06F6C009A27C4 /* project */ = {
			isa = PBXNativeTarget;
			buildConfigurationList = 180630701FB06F6C009A27C4 /* Build configuration list for PBXNativeTarget "project" */;
			buildPhases = (
				180630401FB06F6C009A27C4 /* Sources */,
				180630411FB06F6C009A27C4 /* Frameworks */,
				180630421FB06F6C009A27C4 /* Resources */,
			);
			buildRules = (
			);
			dependencies = (
			);
			name = project;
			productName = project;
			productReference = 180630441FB06F6C009A27C4 /* project.app */;
			productType = "com.apple.product-type.application";
		};
		1806305B1FB06F6C009A27C4 /* projectTests */ = {
			isa = PBXNativeTarget;
			buildConfigurationList = 180630731FB06F6C009A27C4 /* Build configuration list for PBXNativeTarget "projectTests" */;
			buildPhases = (
				180630581FB06F6C009A27C4 /* Sources */,
				180630591FB06F6C009A27C4 /* Frameworks */,
				1806305A1FB06F6C009A27C4 /* Resources */,
			);
			buildRules = (
			);
			dependencies = (
				1806305E1FB06F6C009A27C4 /* PBXTargetDependency */,
			);
			name = projectTests;
			productName = projectTests;
			productReference = 1806305C1FB06F6C009A27C4 /* projectTests.xctest */;
			productType = "com.apple.product-type.bundle.unit-test";
		};
		180630661FB06F6C009A27C4 /* projectUITests */ = {
			isa = PBXNativeTarget;
			buildConfigurationList = 180630761FB06F6C009A27C4 /* Build configuration list for PBXNativeTarget "projectUITests" */;
			buildPhases = (
				180630631FB06F6C009A27C4 /* Sources */,
				180630641FB06F6C009A27C4 /* Frameworks */,
				180630651FB06F6C009A27C4 /* Resources */,
			);
			buildRules = (
			);
			dependencies = (
				180630691FB06F6C009A27C4 /* PBXTargetDependency */,
			);
			name = projectUITests;
			productName = projectUITests;
			productReference = 180630671FB06F6C009A27C4 /* projectUITests.xctest */;
			productType = "com.apple.product-type.bundle.ui-testing";
		};
/* End PBXNativeTarget section */

/* Begin PBXProject section */
		1806303C1FB06F6C009A27C4 /* Project object */ = {
			isa = PBXProject;
			attributes = {
				LastUpgradeCheck = 0900;
				ORGANIZATIONNAME = "University of Leeds";
				TargetAttributes = {
					180630431FB06F6C009A27C4 = {
						CreatedOnToolsVersion = 9.0;
						ProvisioningStyle = Automatic;
					};
					1806305B1FB06F6C009A27C4 = {
						CreatedOnToolsVersion = 9.0;
						ProvisioningStyle = Automatic;
						TestTargetID = 180630431FB06F6C009A27C4;
					};
					180630661FB06F6C009A27C4 = {
						CreatedOnToolsVersion = 9.0;
						ProvisioningStyle = Automatic;
						TestTargetID = 180630431FB06F6C009A27C4;
					};
				};
			};
			buildConfigurationList = 1806303F1FB06F6C009A27C4 /* Build configuration list for PBXProject "+ or -" */;
			compatibilityVersion = "Xcode 8.0";
			developmentRegion = en;
			hasScannedForEncodings = 0;
			knownRegions = (
				en,
				Base,
			);
			mainGroup = 1806303B1FB06F6C009A27C4;
			productRefGroup = 180630451FB06F6C009A27C4 /* Products */;
			projectDirPath = "";
			projectRoot = "";
			targets = (
				180630431FB06F6C009A27C4 /* project */,
				1806305B1FB06F6C009A27C4 /* projectTests */,
				180630661FB06F6C009A27C4 /* projectUITests */,
			);
		};
/* End PBXProject section */

/* Begin PBXResourcesBuildPhase section */
		180630421FB06F6C009A27C4 /* Resources */ = {
			isa = PBXResourcesBuildPhase;
			buildActionMask = 2147483647;
			files = (
				18C94B941FD5A93D00B80640 /* rememberbutton.png in Resources */,
				18C94B951FD5A93D00B80640 /* answerbutton.png in Resources */,
				18C94B8E1FD5A69800B80640 /* easybutton.png in Resources */,
				18C94B8F1FD5A69800B80640 /* hardbutton.png in Resources */,
				18C94B851FD5A09C00B80640 /* Rule1.png in Resources */,
				18C94B821FD59F9400B80640 /* Rule2.png in Resources */,
				18C94B831FD59F9400B80640 /* Rule3.png in Resources */,
				18C94B7F1FD59D5E00B80640 /* title.png in Resources */,
				18C94B7C1FD5937300B80640 /* background2.jpg in Resources */,
				1888B3261FD365BC000195C2 /* skip.png in Resources */,
				1888B31E1FD35E30000195C2 /* play100.png in Resources */,
				1888B31F1FD35E30000195C2 /* help50.png in Resources */,
				1888B3201FD35E30000195C2 /* bestscore32.png in Resources */,
				18BC8E571FD21A94001983B3 /* rightanswer.wav in Resources */,
				18BC8E581FD21A94001983B3 /* wronganser.wav in Resources */,
				18BC8E591FD21A94001983B3 /* 2.wav in Resources */,
				18BC8E5A1FD21A94001983B3 /* rightanswer1.wav in Resources */,
				18BC8DF91FD1CD63001983B3 /* IMG_2938.jpg in Resources */,
				180630541FB06F6C009A27C4 /* LaunchScreen.storyboard in Resources */,
				180630511FB06F6C009A27C4 /* Assets.xcassets in Resources */,
				1806304F1FB06F6C009A27C4 /* Main.storyboard in Resources */,
			);
			runOnlyForDeploymentPostprocessing = 0;
		};
		1806305A1FB06F6C009A27C4 /* Resources */ = {
			isa = PBXResourcesBuildPhase;
			buildActionMask = 2147483647;
			files = (
			);
			runOnlyForDeploymentPostprocessing = 0;
		};
		180630651FB06F6C009A27C4 /* Resources */ = {
			isa = PBXResourcesBuildPhase;
			buildActionMask = 2147483647;
			files = (
			);
			runOnlyForDeploymentPostprocessing = 0;
		};
/* End PBXResourcesBuildPhase section */

/* Begin PBXSourcesBuildPhase section */
		180630401FB06F6C009A27C4 /* Sources */ = {
			isa = PBXSourcesBuildPhase;
			buildActionMask = 2147483647;
			files = (
				18E004991FCDABD7005CC3EC /* game2ViewController.m in Sources */,
				186B879E1FD34945003C2C0B /* GameruleRootViewController.m in Sources */,
				180630571FB06F6C009A27C4 /* main.m in Sources */,
				180630491FB06F6C009A27C4 /* AppDelegate.m in Sources */,
				186B874C1FD32D04003C2C0B /* EenterViewController.m in Sources */,
				18E004961FCDABC8005CC3EC /* game1ViewController.m in Sources */,
				180D79DE1FC757B300CDFF3D /* information.m in Sources */,
				186B87A11FD34975003C2C0B /* GamerulePageContentViewController.m in Sources */,
			);
			runOnlyForDeploymentPostprocessing = 0;
		};
		180630581FB06F6C009A27C4 /* Sources */ = {
			isa = PBXSourcesBuildPhase;
			buildActionMask = 2147483647;
			files = (
				180630611FB06F6C009A27C4 /* projectTests.m in Sources */,
			);
			runOnlyForDeploymentPostprocessing = 0;
		};
		180630631FB06F6C009A27C4 /* Sources */ = {
			isa = PBXSourcesBuildPhase;
			buildActionMask = 2147483647;
			files = (
				1806306C1FB06F6C009A27C4 /* projectUITests.m in Sources */,
			);
			runOnlyForDeploymentPostprocessing = 0;
		};
/* End PBXSourcesBuildPhase section */

/* Begin PBXTargetDependency section */
		1806305E1FB06F6C009A27C4 /* PBXTargetDependency */ = {
			isa = PBXTargetDependency;
			target = 180630431FB06F6C009A27C4 /* project */;
			targetProxy = 1806305D1FB06F6C009A27C4 /* PBXContainerItemProxy */;
		};
		180630691FB06F6C009A27C4 /* PBXTargetDependency */ = {
			isa = PBXTargetDependency;
			target = 180630431FB06F6C009A27C4 /* project */;
			targetProxy = 180630681FB06F6C009A27C4 /* PBXContainerItemProxy */;
		};
/* End PBXTargetDependency section */

/* Begin PBXVariantGroup section */
		1806304D1FB06F6C009A27C4 /* Main.storyboard */ = {
			isa = PBXVariantGroup;
			children = (
				1806304E1FB06F6C009A27C4 /* Base */,
			);
			name = Main.storyboard;
			sourceTree = "<group>";
		};
		180630521FB06F6C009A27C4 /* LaunchScreen.storyboard */ = {
			isa = PBXVariantGroup;
			children = (
				180630531FB06F6C009A27C4 /* Base */,
			);
			name = LaunchScreen.storyboard;
			sourceTree = "<group>";
		};
/* End PBXVariantGroup section */

/* Begin XCBuildConfiguration section */
		1806306E1FB06F6C009A27C4 /* Debug */ = {
			isa = XCBuildConfiguration;
			buildSettings = {
				ALWAYS_SEARCH_USER_PATHS = NO;
				CLANG_ANALYZER_NONNULL = YES;
				CLANG_ANALYZER_NUMBER_OBJECT_CONVERSION = YES_AGGRESSIVE;
				CLANG_CXX_LANGUAGE_STANDARD = "gnu++14";
				CLANG_CXX_LIBRARY = "libc++";
				CLANG_ENABLE_MODULES = YES;
				CLANG_ENABLE_OBJC_ARC = YES;
				CLANG_WARN_BLOCK_CAPTURE_AUTORELEASING = YES;
				CLANG_WARN_BOOL_CONVERSION = YES;
				CLANG_WARN_COMMA = YES;
				CLANG_WARN_CONSTANT_CONVERSION = YES;
				CLANG_WARN_DIRECT_OBJC_ISA_USAGE = YES_ERROR;
				CLANG_WARN_DOCUMENTATION_COMMENTS = YES;
				CLANG_WARN_EMPTY_BODY = YES;
				CLANG_WARN_ENUM_CONVERSION = YES;
				CLANG_WARN_INFINITE_RECURSION = YES;
				CLANG_WARN_INT_CONVERSION = YES;
				CLANG_WARN_NON_LITERAL_NULL_CONVERSION = YES;
				CLANG_WARN_OBJC_LITERAL_CONVERSION = YES;
				CLANG_WARN_OBJC_ROOT_CLASS = YES_ERROR;
				CLANG_WARN_RANGE_LOOP_ANALYSIS = YES;
				CLANG_WARN_STRICT_PROTOTYPES = YES;
				CLANG_WARN_SUSPICIOUS_MOVE = YES;
				CLANG_WARN_UNGUARDED_AVAILABILITY = YES_AGGRESSIVE;
				CLANG_WARN_UNREACHABLE_CODE = YES;
				CLANG_WARN__DUPLICATE_METHOD_MATCH = YES;
				CODE_SIGN_IDENTITY = "iPhone Developer";
				COPY_PHASE_STRIP = NO;
				DEBUG_INFORMATION_FORMAT = dwarf;
				ENABLE_STRICT_OBJC_MSGSEND = YES;
				ENABLE_TESTABILITY = YES;
				GCC_C_LANGUAGE_STANDARD = gnu11;
				GCC_DYNAMIC_NO_PIC = NO;
				GCC_NO_COMMON_BLOCKS = YES;
				GCC_OPTIMIZATION_LEVEL = 0;
				GCC_PREPROCESSOR_DEFINITIONS = (
					"DEBUG=1",
					"$(inherited)",
				);
				GCC_WARN_64_TO_32_BIT_CONVERSION = YES;
				GCC_WARN_ABOUT_RETURN_TYPE = YES_ERROR;
				GCC_WARN_UNDECLARED_SELECTOR = YES;
				GCC_WARN_UNINITIALIZED_AUTOS = YES_AGGRESSIVE;
				GCC_WARN_UNUSED_FUNCTION = YES;
				GCC_WARN_UNUSED_VARIABLE = YES;
				IPHONEOS_DEPLOYMENT_TARGET = 11.0;
				MTL_ENABLE_DEBUG_INFO = YES;
				ONLY_ACTIVE_ARCH = YES;
				SDKROOT = iphoneos;
			};
			name = Debug;
		};
		1806306F1FB06F6C009A27C4 /* Release */ = {
			isa = XCBuildConfiguration;
			buildSettings = {
				ALWAYS_SEARCH_USER_PATHS = NO;
				CLANG_ANALYZER_NONNULL = YES;
				CLANG_ANALYZER_NUMBER_OBJECT_CONVERSION = YES_AGGRESSIVE;
				CLANG_CXX_LANGUAGE_STANDARD = "gnu++14";
				CLANG_CXX_LIBRARY = "libc++";
				CLANG_ENABLE_MODULES = YES;
				CLANG_ENABLE_OBJC_ARC = YES;
				CLANG_WARN_BLOCK_CAPTURE_AUTORELEASING = YES;
				CLANG_WARN_BOOL_CONVERSION = YES;
				CLANG_WARN_COMMA = YES;
				CLANG_WARN_CONSTANT_CONVERSION = YES;
				CLANG_WARN_DIRECT_OBJC_ISA_USAGE = YES_ERROR;
				CLANG_WARN_DOCUMENTATION_COMMENTS = YES;
				CLANG_WARN_EMPTY_BODY = YES;
				CLANG_WARN_ENUM_CONVERSION = YES;
				CLANG_WARN_INFINITE_RECURSION = YES;
				CLANG_WARN_INT_CONVERSION = YES;
				CLANG_WARN_NON_LITERAL_NULL_CONVERSION = YES;
				CLANG_WARN_OBJC_LITERAL_CONVERSION = YES;
				CLANG_WARN_OBJC_ROOT_CLASS = YES_ERROR;
				CLANG_WARN_RANGE_LOOP_ANALYSIS = YES;
				CLANG_WARN_STRICT_PROTOTYPES = YES;
				CLANG_WARN_SUSPICIOUS_MOVE = YES;
				CLANG_WARN_UNGUARDED_AVAILABILITY = YES_AGGRESSIVE;
				CLANG_WARN_UNREACHABLE_CODE = YES;
				CLANG_WARN__DUPLICATE_METHOD_MATCH = YES;
				CODE_SIGN_IDENTITY = "iPhone Developer";
				COPY_PHASE_STRIP = NO;
				DEBUG_INFORMATION_FORMAT = "dwarf-with-dsym";
				ENABLE_NS_ASSERTIONS = NO;
				ENABLE_STRICT_OBJC_MSGSEND = YES;
				GCC_C_LANGUAGE_STANDARD = gnu11;
				GCC_NO_COMMON_BLOCKS = YES;
				GCC_WARN_64_TO_32_BIT_CONVERSION = YES;
				GCC_WARN_ABOUT_RETURN_TYPE = YES_ERROR;
				GCC_WARN_UNDECLARED_SELECTOR = YES;
				GCC_WARN_UNINITIALIZED_AUTOS = YES_AGGRESSIVE;
				GCC_WARN_UNUSED_FUNCTION = YES;
				GCC_WARN_UNUSED_VARIABLE = YES;
				IPHONEOS_DEPLOYMENT_TARGET = 11.0;
				MTL_ENABLE_DEBUG_INFO = NO;
				SDKROOT = iphoneos;
				VALIDATE_PRODUCT = YES;
			};
			name = Release;
		};
		180630711FB06F6C009A27C4 /* Debug */ = {
			isa = XCBuildConfiguration;
			buildSettings = {
				ASSETCATALOG_COMPILER_APPICON_NAME = AppIcon;
				CODE_SIGN_STYLE = Automatic;
				INFOPLIST_FILE = project/Info.plist;
				LD_RUNPATH_SEARCH_PATHS = "$(inherited) @executable_path/Frameworks";
				PRODUCT_BUNDLE_IDENTIFIER = uk.ac.leeds.project;
				PRODUCT_NAME = "$(TARGET_NAME)";
				TARGETED_DEVICE_FAMILY = "1,2";
			};
			name = Debug;
		};
		180630721FB06F6C009A27C4 /* Release */ = {
			isa = XCBuildConfiguration;
			buildSettings = {
				ASSETCATALOG_COMPILER_APPICON_NAME = AppIcon;
				CODE_SIGN_STYLE = Automatic;
				INFOPLIST_FILE = project/Info.plist;
				LD_RUNPATH_SEARCH_PATHS = "$(inherited) @executable_path/Frameworks";
				PRODUCT_BUNDLE_IDENTIFIER = uk.ac.leeds.project;
				PRODUCT_NAME = "$(TARGET_NAME)";
				TARGETED_DEVICE_FAMILY = "1,2";
			};
			name = Release;
		};
		180630741FB06F6C009A27C4 /* Debug */ = {
			isa = XCBuildConfiguration;
			buildSettings = {
				BUNDLE_LOADER = "$(TEST_HOST)";
				CODE_SIGN_STYLE = Automatic;
				INFOPLIST_FILE = projectTests/Info.plist;
				LD_RUNPATH_SEARCH_PATHS = "$(inherited) @executable_path/Frameworks @loader_path/Frameworks";
				PRODUCT_BUNDLE_IDENTIFIER = uk.ac.leeds.projectTests;
				PRODUCT_NAME = "$(TARGET_NAME)";
				TARGETED_DEVICE_FAMILY = "1,2";
				TEST_HOST = "$(BUILT_PRODUCTS_DIR)/project.app/project";
			};
			name = Debug;
		};
		180630751FB06F6C009A27C4 /* Release */ = {
			isa = XCBuildConfiguration;
			buildSettings = {
				BUNDLE_LOADER = "$(TEST_HOST)";
				CODE_SIGN_STYLE = Automatic;
				INFOPLIST_FILE = projectTests/Info.plist;
				LD_RUNPATH_SEARCH_PATHS = "$(inherited) @executable_path/Frameworks @loader_path/Frameworks";
				PRODUCT_BUNDLE_IDENTIFIER = uk.ac.leeds.projectTests;
				PRODUCT_NAME = "$(TARGET_NAME)";
				TARGETED_DEVICE_FAMILY = "1,2";
				TEST_HOST = "$(BUILT_PRODUCTS_DIR)/project.app/project";
			};
			name = Release;
		};
		180630771FB06F6C009A27C4 /* Debug */ = {
			isa = XCBuildConfiguration;
			buildSettings = {
				CODE_SIGN_STYLE = Automatic;
				INFOPLIST_FILE = projectUITests/Info.plist;
				LD_RUNPATH_SEARCH_PATHS = "$(inherited) @executable_path/Frameworks @loader_path/Frameworks";
				PRODUCT_BUNDLE_IDENTIFIER = uk.ac.leeds.projectUITests;
				PRODUCT_NAME = "$(TARGET_NAME)";
				TARGETED_DEVICE_FAMILY = "1,2";
				TEST_TARGET_NAME = project;
			};
			name = Debug;
		};
		180630781FB06F6C009A27C4 /* Release */ = {
			isa = XCBuildConfiguration;
			buildSettings = {
				CODE_SIGN_STYLE = Automatic;
				INFOPLIST_FILE = projectUITests/Info.plist;
				LD_RUNPATH_SEARCH_PATHS = "$(inherited) @executable_path/Frameworks @loader_path/Frameworks";
				PRODUCT_BUNDLE_IDENTIFIER = uk.ac.leeds.projectUITests;
				PRODUCT_NAME = "$(TARGET_NAME)";
				TARGETED_DEVICE_FAMILY = "1,2";
				TEST_TARGET_NAME = project;
			};
			name = Release;
		};
/* End XCBuildConfiguration section */

/* Begin XCConfigurationList section */
		1806303F1FB06F6C009A27C4 /* Build configuration list for PBXProject "+ or -" */ = {
			isa = XCConfigurationList;
			buildConfigurations = (
				1806306E1FB06F6C009A27C4 /* Debug */,
				1806306F1FB06F6C009A27C4 /* Release */,
			);
			defaultConfigurationIsVisible = 0;
			defaultConfigurationName = Release;
		};
		180630701FB06F6C009A27C4 /* Build configuration list for PBXNativeTarget "project" */ = {
			isa = XCConfigurationList;
			buildConfigurations = (
				180630711FB06F6C009A27C4 /* Debug */,
				180630721FB06F6C009A27C4 /* Release */,
			);
			defaultConfigurationIsVisible = 0;
			defaultConfigurationName = Release;
		};
		180630731FB06F6C009A27C4 /* Build configuration list for PBXNativeTarget "projectTests" */ = {
			isa = XCConfigurationList;
			buildConfigurations = (
				180630741FB06F6C009A27C4 /* Debug */,
				180630751FB06F6C009A27C4 /* Release */,
			);
			defaultConfigurationIsVisible = 0;
			defaultConfigurationName = Release;
		};
		180630761FB06F6C009A27C4 /* Build configuration list for PBXNativeTarget "projectUITests" */ = {
			isa = XCConfigurationList;
			buildConfigurations = (
				180630771FB06F6C009A27C4 /* Debug */,
				180630781FB06F6C009A27C4 /* Release */,
			);
			defaultConfigurationIsVisible = 0;
			defaultConfigurationName = Release;
		};
/* End XCConfigurationList section */
	};
	rootObject = 1806303C1FB06F6C009A27C4 /* Project object */;
}
